
Microsoft Visual Studio Solution File, Format Version 12.00
# Visual Studio Version 17
VisualStudioVersion = 17.14.37216.2 d17.14
MinimumVisualStudioVersion = 10.0.40219.1
Project("{FAE04EC0-301F-11D3-BF4B-00C04F79EFBC}") = "FuelTrackerAPI", "FuelTrackerAPI.csproj", "{ABB41BF6-C588-4FE4-8612-E4B571A52395}"
EndProject
Project("{FAE04EC0-301F-11D3-BF4B-00C04F79EFBC}") = "Domain_Layer", "..\Domain_Layer\Domain_Layer.csproj", "{49AC53F1-E465-4AEC-9873-42B29F513B90}"
EndProject
Project("{FAE04EC0-301F-11D3-BF4B-00C04F79EFBC}") = "Repository_Layer", "..\Repository_Layer\Repository_Layer.csproj", "{1E251ECD-18E9-42B1-9686-777F4E7F00DD}"
EndProject
Project("{FAE04EC0-301F-11D3-BF4B-00C04F79EFBC}") = "Service_Layer", "..\Service_Layer\Service_Layer.csproj", "{2326CDAB-B1C3-4644-9153-43A4683032E1}"
EndProject
Global
	GlobalSection(SolutionConfigurationPlatforms) = preSolution
		Debug|Any CPU = Debug|Any CPU
		Release|Any CPU = Release|Any CPU
	EndGlobalSection
	GlobalSection(ProjectConfigurationPlatforms) = postSolution
		{ABB41BF6-C588-4FE4-8612-E4B571A52395}.Debug|Any CPU.ActiveCfg = Debug|Any CPU
		{ABB41BF6-C588-4FE4-8612-E4B571A52395}.Debug|Any CPU.Build.0 = Debug|Any CPU
		{ABB41BF6-C588-4FE4-8612-E4B571A52395}.Release|Any CPU.ActiveCfg = Release|Any CPU
		{ABB41BF6-C588-4FE4-8612-E4B571A52395}.Release|Any CPU.Build.0 = Release|Any CPU
		{49AC53F1-E465-4AEC-9873-42B29F513B90}.Debug|Any CPU.ActiveCfg = Debug|Any CPU
		{49AC53F1-E465-4AEC-9873-42B29F513B90}.Debug|Any CPU.Build.0 = Debug|Any CPU
		{49AC53F1-E465-4AEC-9873-42B29F513B90}.Release|Any CPU.ActiveCfg = Release|Any CPU
		{49AC53F1-E465-4AEC-9873-42B29F513B90}.Release|Any CPU.Build.0 = Release|Any CPU
		{1E251ECD-18E9-42B1-9686-777F4E7F00DD}.Debug|Any CPU.ActiveCfg = Debug|Any CPU
		{1E251ECD-18E9-42B1-9686-777F4E7F00DD}.Debug|Any CPU.Build.0 = Debug|Any CPU
		{1E251ECD-18E9-42B1-9686-777F4E7F00DD}.Release|Any CPU.ActiveCfg = Release|Any CPU
		{1E251ECD-18E9-42B1-9686-777F4E7F00DD}.Release|Any CPU.Build.0 = Release|Any CPU
		{2326CDAB-B1C3-4644-9153-43A4683032E1}.Debug|Any CPU.ActiveCfg = Debug|Any CPU
		{2326CDAB-B1C3-4644-9153-43A4683032E1}.Debug|Any CPU.Build.0 = Debug|Any CPU
		{2326CDAB-B1C3-4644-9153-43A4683032E1}.Release|Any CPU.ActiveCfg = Release|Any CPU
		{2326CDAB-B1C3-4644-9153-43A4683032E1}.Release|Any CPU.Build.0 = Release|Any CPU
	EndGlobalSection
	GlobalSection(SolutionProperties) = preSolution
		HideSolutionNode = FALSE
	EndGlobalSection
	GlobalSection(ExtensibilityGlobals) = postSolution
		SolutionGuid = {1FB4251B-5320-48C5-933B-798C1A98B43B}
	EndGlobalSection
EndGlobal
